{
  "requires": true,
  "lockfileVersion": 1,
  "dependencies": {
    "@sentry/core": {
      "version": "5.15.4",
      "resolved": "https://registry.npmjs.org/@sentry/core/-/core-5.15.4.tgz",
      "integrity": "sha512-9KP4NM4SqfV5NixpvAymC7Nvp36Zj4dU2fowmxiq7OIbzTxGXDhwuN/t0Uh8xiqlkpkQqSECZ1OjSFXrBldetQ==",
      "requires": {
        "@sentry/hub": "5.15.4",
        "@sentry/minimal": "5.15.4",
        "@sentry/types": "5.15.4",
        "@sentry/utils": "5.15.4",
        "tslib": "^1.9.3"
      }
    },
    "@sentry/hub": {
      "version": "5.15.4",
      "resolved": "https://registry.npmjs.org/@sentry/hub/-/hub-5.15.4.tgz",
      "integrity": "sha512-1XJ1SVqadkbUT4zLS0TVIVl99si7oHizLmghR8LMFl5wOkGEgehHSoOydQkIAX2C7sJmaF5TZ47ORBHgkqclUg==",
      "requires": {
        "@sentry/types": "5.15.4",
        "@sentry/utils": "5.15.4",
        "tslib": "^1.9.3"
      }
    },
    "@sentry/minimal": {
      "version": "5.15.4",
      "resolved": "https://registry.npmjs.org/@sentry/minimal/-/minimal-5.15.4.tgz",
      "integrity": "sha512-GL4GZ3drS9ge+wmxkHBAMEwulaE7DMvAEfKQPDAjg2p3MfcCMhAYfuY4jJByAC9rg9OwBGGehz7UmhWMFjE0tw==",
      "requires": {
        "@sentry/hub": "5.15.4",
        "@sentry/types": "5.15.4",
        "tslib": "^1.9.3"
      }
    },
    "@sentry/types": {
      "version": "5.15.4",
      "resolved": "https://registry.npmjs.org/@sentry/types/-/types-5.15.4.tgz",
      "integrity": "sha512-quPHPpeAuwID48HLPmqBiyXE3xEiZLZ5D3CEbU3c3YuvvAg8qmfOOTI6z4Z3Eedi7flvYpnx3n7N3dXIEz30Eg=="
    },
    "@sentry/utils": {
      "version": "5.15.4",
      "resolved": "https://registry.npmjs.org/@sentry/utils/-/utils-5.15.4.tgz",
      "integrity": "sha512-lO8SLBjrUDGADl0LOkd55R5oL510d/1SaI08/IBHZCxCUwI4TiYo5EPECq8mrj3XGfgCyq9osw33bymRlIDuSQ==",
      "requires": {
        "@sentry/types": "5.15.4",
        "tslib": "^1.9.3"
      }
    },
    "tslib": {
      "version": "1.11.1",
      "resolved": "https://registry.npmjs.org/tslib/-/tslib-1.11.1.tgz",
      "integrity": "sha512-aZW88SY8kQbU7gpV19lN24LtXh/yD4ZZg6qieAJDDg+YBsJcSmLGK9QpnUjAKVG/xefmvJGd1WUmfpT/g6AJGA=="
    }
  }
}
